
Microsoft Visual Studio Solution File, Format Version 12.00
# Visual Studio Version 16
VisualStudioVersion = 16.0.31112.23
MinimumVisualStudioVersion = 10.0.40219.1
Project("{FAE04EC0-301F-11D3-BF4B-00C04F79EFBC}") = "FreeTAKServer_Manager", "FreeTAKServer_Manager\FreeTAKServer_Manager.csproj", "{D5C41E79-9931-45FD-ABAC-715A028E8B44}"
EndProject
Project("{54435603-DBB4-11D2-8724-00A0C9A8B90C}") = "FreeTAKServer_Manager_Installer", "FreeTAKServer_Manager_Installer\FreeTAKServer_Manager_Installer.vdproj", "{E8F2CC31-CD5B-4991-B605-54A6331D1441}"
EndProject
Global
	GlobalSection(SolutionConfigurationPlatforms) = preSolution
		Debug|Any CPU = Debug|Any CPU
		Release|Any CPU = Release|Any CPU
	EndGlobalSection
	GlobalSection(ProjectConfigurationPlatforms) = postSolution
		{D5C41E79-9931-45FD-ABAC-715A028E8B44}.Debug|Any CPU.ActiveCfg = Debug|Any CPU
		{D5C41E79-9931-45FD-ABAC-715A028E8B44}.Debug|Any CPU.Build.0 = Debug|Any CPU
		{D5C41E79-9931-45FD-ABAC-715A028E8B44}.Release|Any CPU.ActiveCfg = Release|Any CPU
		{D5C41E79-9931-45FD-ABAC-715A028E8B44}.Release|Any CPU.Build.0 = Release|Any CPU
		{E8F2CC31-CD5B-4991-B605-54A6331D1441}.Debug|Any CPU.ActiveCfg = Debug
		{E8F2CC31-CD5B-4991-B605-54A6331D1441}.Release|Any CPU.ActiveCfg = Release
	EndGlobalSection
	GlobalSection(SolutionProperties) = preSolution
		HideSolutionNode = FALSE
	EndGlobalSection
	GlobalSection(ExtensibilityGlobals) = postSolution
		SolutionGuid = {70940FDE-0802-4D40-9654-DA1F33347C6A}
	EndGlobalSection
EndGlobal
